// !$*UTF8*$!
{
	archiveVersion = 1;
	classes = {
	};
	objectVersion = 56;
	objects = {

/* Begin PBXBuildFile section */
		6508A21D2C6DD5AC005AB6DC /* KeyChainManager.swift in Sources */ = {isa = PBXBuildFile; fileRef = 6508A21C2C6DD5AC005AB6DC /* KeyChainManager.swift */; };
		6508A21F2C6DD5DA005AB6DC /* KeyChainAccount.swift in Sources */ = {isa = PBXBuildFile; fileRef = 6508A21E2C6DD5DA005AB6DC /* KeyChainAccount.swift */; };
		6508A2212C79C91D005AB6DC /* FullscreenImageView.swift in Sources */ = {isa = PBXBuildFile; fileRef = 6508A2202C79C91D005AB6DC /* FullscreenImageView.swift */; };
		6508A2232C79D021005AB6DC /* SetDarkModeViewController.swift in Sources */ = {isa = PBXBuildFile; fileRef = 6508A2222C79D021005AB6DC /* SetDarkModeViewController.swift */; };
		6508A2252C7CA200005AB6DC /* UITextView+.swift in Sources */ = {isa = PBXBuildFile; fileRef = 6508A2242C7CA200005AB6DC /* UITextView+.swift */; };
		651A9F252C9EC03C00B9B1FE /* omyu_pretty.ttf in Resources */ = {isa = PBXBuildFile; fileRef = 659946992C4961840030598B /* omyu_pretty.ttf */; };
		651A9F682C9EE96800B9B1FE /* FirebaseAuth in Frameworks */ = {isa = PBXBuildFile; productRef = 651A9F672C9EE96800B9B1FE /* FirebaseAuth */; };
		651A9F6A2C9EE96800B9B1FE /* FirebaseFirestore in Frameworks */ = {isa = PBXBuildFile; productRef = 651A9F692C9EE96800B9B1FE /* FirebaseFirestore */; };
		651A9F6B2C9EEB0E00B9B1FE /* GoogleService-Info.plist in Resources */ = {isa = PBXBuildFile; fileRef = 6522DE282C8D68C700AB23A5 /* GoogleService-Info.plist */; };
		6522DE292C8D68C700AB23A5 /* GoogleService-Info.plist in Resources */ = {isa = PBXBuildFile; fileRef = 6522DE282C8D68C700AB23A5 /* GoogleService-Info.plist */; };
		6522DE2C2C8D84EE00AB23A5 /* AppleSignInService.swift in Sources */ = {isa = PBXBuildFile; fileRef = 6522DE2B2C8D84EE00AB23A5 /* AppleSignInService.swift */; };
		657DB90E2C5BB5EB008DD96E /* ProfileViewModel.swift in Sources */ = {isa = PBXBuildFile; fileRef = 657DB90D2C5BB5EB008DD96E /* ProfileViewModel.swift */; };
		657DB9102C5BB600008DD96E /* ProfileViewController.swift in Sources */ = {isa = PBXBuildFile; fileRef = 657DB90F2C5BB600008DD96E /* ProfileViewController.swift */; };
		657DB9122C5BB845008DD96E /* ProfileCoordinator.swift in Sources */ = {isa = PBXBuildFile; fileRef = 657DB9112C5BB845008DD96E /* ProfileCoordinator.swift */; };
		657DB9142C5BB871008DD96E /* ProfileDIContainer.swift in Sources */ = {isa = PBXBuildFile; fileRef = 657DB9132C5BB871008DD96E /* ProfileDIContainer.swift */; };
		659946542C27DD8E0030598B /* SnapKit in Frameworks */ = {isa = PBXBuildFile; productRef = 659946532C27DD8E0030598B /* SnapKit */; };
		659946632C2FE4BE0030598B /* UserResponseDTO.swift in Sources */ = {isa = PBXBuildFile; fileRef = 659946622C2FE4BE0030598B /* UserResponseDTO.swift */; };
		659946662C2FE79F0030598B /* User.swift in Sources */ = {isa = PBXBuildFile; fileRef = 659946652C2FE79F0030598B /* User.swift */; };
		6599466A2C3024A60030598B /* UserRequest.swift in Sources */ = {isa = PBXBuildFile; fileRef = 659946692C3024A60030598B /* UserRequest.swift */; };
		6599466D2C3024F40030598B /* Encodable+.swift in Sources */ = {isa = PBXBuildFile; fileRef = 6599466C2C3024F40030598B /* Encodable+.swift */; };
		659946712C38397F0030598B /* UserDefaultsWrapper.swift in Sources */ = {isa = PBXBuildFile; fileRef = 659946702C38397F0030598B /* UserDefaultsWrapper.swift */; };
		659946732C3839860030598B /* UserDefaultsSetting.swift in Sources */ = {isa = PBXBuildFile; fileRef = 659946722C3839860030598B /* UserDefaultsSetting.swift */; };
		659946772C3A68E50030598B /* ProfileUseCase.swift in Sources */ = {isa = PBXBuildFile; fileRef = 659946762C3A68E50030598B /* ProfileUseCase.swift */; };
		659946792C3A69400030598B /* ProfileRepository.swift in Sources */ = {isa = PBXBuildFile; fileRef = 659946782C3A69400030598B /* ProfileRepository.swift */; };
		6599467C2C3A6A3D0030598B /* DefaultProfileRepository.swift in Sources */ = {isa = PBXBuildFile; fileRef = 6599467B2C3A6A3D0030598B /* DefaultProfileRepository.swift */; };
		6599467E2C3A8B060030598B /* RecordRepository.swift in Sources */ = {isa = PBXBuildFile; fileRef = 6599467D2C3A8B060030598B /* RecordRepository.swift */; };
		659946802C3A8B1D0030598B /* DefaultRecordRepository.swift in Sources */ = {isa = PBXBuildFile; fileRef = 6599467F2C3A8B1D0030598B /* DefaultRecordRepository.swift */; };
		659946822C3A8B410030598B /* RecordUseCase.swift in Sources */ = {isa = PBXBuildFile; fileRef = 659946812C3A8B410030598B /* RecordUseCase.swift */; };
		659946842C3AB97A0030598B /* RecordRequest.swift in Sources */ = {isa = PBXBuildFile; fileRef = 659946832C3AB97A0030598B /* RecordRequest.swift */; };
		659946862C3AB9880030598B /* RecordResponseDTO.swift in Sources */ = {isa = PBXBuildFile; fileRef = 659946852C3AB9880030598B /* RecordResponseDTO.swift */; };
		659946882C4249690030598B /* CalendarRepository.swift in Sources */ = {isa = PBXBuildFile; fileRef = 659946872C4249690030598B /* CalendarRepository.swift */; };
		6599468E2C4249DB0030598B /* DefaultCalendarRepository.swift in Sources */ = {isa = PBXBuildFile; fileRef = 6599468D2C4249DB0030598B /* DefaultCalendarRepository.swift */; };
		659946902C4249E30030598B /* CalendarUseCase.swift in Sources */ = {isa = PBXBuildFile; fileRef = 6599468F2C4249E30030598B /* CalendarUseCase.swift */; };
		659946922C424C660030598B /* Date+.swift in Sources */ = {isa = PBXBuildFile; fileRef = 659946912C424C660030598B /* Date+.swift */; };
		659946942C43EB1B0030598B /* RecordEntity.swift in Sources */ = {isa = PBXBuildFile; fileRef = 659946932C43EB1B0030598B /* RecordEntity.swift */; };
		659946972C43F1980030598B /* Type.swift in Sources */ = {isa = PBXBuildFile; fileRef = 659946962C43F1980030598B /* Type.swift */; };
		6599469A2C4961840030598B /* omyu_pretty.ttf in Resources */ = {isa = PBXBuildFile; fileRef = 659946992C4961840030598B /* omyu_pretty.ttf */; };
		659946AC2C4BD8C70030598B /* UIImage+.swift in Sources */ = {isa = PBXBuildFile; fileRef = 659946AB2C4BD8C70030598B /* UIImage+.swift */; };
		659946B02C4BECC00030598B /* LoadingIndicator.swift in Sources */ = {isa = PBXBuildFile; fileRef = 659946AF2C4BECC00030598B /* LoadingIndicator.swift */; };
		659946B22C4D1AF10030598B /* BaseNavigationController.swift in Sources */ = {isa = PBXBuildFile; fileRef = 659946B12C4D1AF10030598B /* BaseNavigationController.swift */; };
		659946B42C4FD4AB0030598B /* RecordHistoryViewController.swift in Sources */ = {isa = PBXBuildFile; fileRef = 659946B32C4FD4AB0030598B /* RecordHistoryViewController.swift */; };
		659946B62C54E13B0030598B /* ImageCarouselView.swift in Sources */ = {isa = PBXBuildFile; fileRef = 659946B52C54E13B0030598B /* ImageCarouselView.swift */; };
		659946BB2C564FCF0030598B /* UIViewController+.swift in Sources */ = {isa = PBXBuildFile; fileRef = 659946BA2C564FCF0030598B /* UIViewController+.swift */; };
		65CF611E2C036432003E6D75 /* AppDelegate.swift in Sources */ = {isa = PBXBuildFile; fileRef = 65CF611D2C036432003E6D75 /* AppDelegate.swift */; };
		65CF61202C036432003E6D75 /* SceneDelegate.swift in Sources */ = {isa = PBXBuildFile; fileRef = 65CF611F2C036432003E6D75 /* SceneDelegate.swift */; };
		65CF61272C036433003E6D75 /* Assets.xcassets in Resources */ = {isa = PBXBuildFile; fileRef = 65CF61262C036433003E6D75 /* Assets.xcassets */; };
		65CF612A2C036433003E6D75 /* LaunchScreen.storyboard in Resources */ = {isa = PBXBuildFile; fileRef = 65CF61282C036433003E6D75 /* LaunchScreen.storyboard */; };
		65CF613B2C0AEDB0003E6D75 /* FirebaseAnalytics in Frameworks */ = {isa = PBXBuildFile; productRef = 65CF613A2C0AEDB0003E6D75 /* FirebaseAnalytics */; };
		65CF613D2C0AEDB0003E6D75 /* FirebaseAnalyticsOnDeviceConversion in Frameworks */ = {isa = PBXBuildFile; productRef = 65CF613C2C0AEDB0003E6D75 /* FirebaseAnalyticsOnDeviceConversion */; };
		65CF613F2C0AEDB0003E6D75 /* FirebaseAnalyticsSwift in Frameworks */ = {isa = PBXBuildFile; productRef = 65CF613E2C0AEDB0003E6D75 /* FirebaseAnalyticsSwift */; };
		65CF61412C0AEDB0003E6D75 /* FirebaseAnalyticsWithoutAdIdSupport in Frameworks */ = {isa = PBXBuildFile; productRef = 65CF61402C0AEDB0003E6D75 /* FirebaseAnalyticsWithoutAdIdSupport */; };
		65CF61432C0AEDB0003E6D75 /* FirebaseAppCheck in Frameworks */ = {isa = PBXBuildFile; productRef = 65CF61422C0AEDB0003E6D75 /* FirebaseAppCheck */; };
		65CF61452C0AEDB0003E6D75 /* FirebaseAppDistribution-Beta in Frameworks */ = {isa = PBXBuildFile; productRef = 65CF61442C0AEDB0003E6D75 /* FirebaseAppDistribution-Beta */; };
		65CF61472C0AEDB0003E6D75 /* FirebaseAuth in Frameworks */ = {isa = PBXBuildFile; productRef = 65CF61462C0AEDB0003E6D75 /* FirebaseAuth */; };
		65CF61492C0AEDB0003E6D75 /* FirebaseAuthCombine-Community in Frameworks */ = {isa = PBXBuildFile; productRef = 65CF61482C0AEDB0003E6D75 /* FirebaseAuthCombine-Community */; };
		65CF614B2C0AEDB0003E6D75 /* FirebaseCrashlytics in Frameworks */ = {isa = PBXBuildFile; productRef = 65CF614A2C0AEDB0003E6D75 /* FirebaseCrashlytics */; };
		65CF614D2C0AEDB0003E6D75 /* FirebaseDatabase in Frameworks */ = {isa = PBXBuildFile; productRef = 65CF614C2C0AEDB0003E6D75 /* FirebaseDatabase */; };
		65CF614F2C0AEDB0003E6D75 /* FirebaseDatabaseSwift in Frameworks */ = {isa = PBXBuildFile; productRef = 65CF614E2C0AEDB0003E6D75 /* FirebaseDatabaseSwift */; };
		65CF61512C0AEDB0003E6D75 /* FirebaseDynamicLinks in Frameworks */ = {isa = PBXBuildFile; productRef = 65CF61502C0AEDB0003E6D75 /* FirebaseDynamicLinks */; };
		65CF61532C0AEDB0003E6D75 /* FirebaseFirestore in Frameworks */ = {isa = PBXBuildFile; productRef = 65CF61522C0AEDB0003E6D75 /* FirebaseFirestore */; };
		65CF61552C0AEDB0003E6D75 /* FirebaseFirestoreCombine-Community in Frameworks */ = {isa = PBXBuildFile; productRef = 65CF61542C0AEDB0003E6D75 /* FirebaseFirestoreCombine-Community */; };
		65CF61572C0AEDB0003E6D75 /* FirebaseFirestoreSwift in Frameworks */ = {isa = PBXBuildFile; productRef = 65CF61562C0AEDB0003E6D75 /* FirebaseFirestoreSwift */; };
		65CF61592C0AEDB0003E6D75 /* FirebaseFunctions in Frameworks */ = {isa = PBXBuildFile; productRef = 65CF61582C0AEDB0003E6D75 /* FirebaseFunctions */; };
		65CF615B2C0AEDB0003E6D75 /* FirebaseFunctionsCombine-Community in Frameworks */ = {isa = PBXBuildFile; productRef = 65CF615A2C0AEDB0003E6D75 /* FirebaseFunctionsCombine-Community */; };
		65CF615D2C0AEDB0003E6D75 /* FirebaseInAppMessaging-Beta in Frameworks */ = {isa = PBXBuildFile; productRef = 65CF615C2C0AEDB0003E6D75 /* FirebaseInAppMessaging-Beta */; };
		65CF615F2C0AEDB0003E6D75 /* FirebaseInAppMessagingSwift-Beta in Frameworks */ = {isa = PBXBuildFile; productRef = 65CF615E2C0AEDB0003E6D75 /* FirebaseInAppMessagingSwift-Beta */; };
		65CF61612C0AEDB0003E6D75 /* FirebaseInstallations in Frameworks */ = {isa = PBXBuildFile; productRef = 65CF61602C0AEDB0003E6D75 /* FirebaseInstallations */; };
		65CF61632C0AEDB0003E6D75 /* FirebaseMLModelDownloader in Frameworks */ = {isa = PBXBuildFile; productRef = 65CF61622C0AEDB0003E6D75 /* FirebaseMLModelDownloader */; };
		65CF61652C0AEDB0003E6D75 /* FirebaseMessaging in Frameworks */ = {isa = PBXBuildFile; productRef = 65CF61642C0AEDB0003E6D75 /* FirebaseMessaging */; };
		65CF61672C0AEDB0003E6D75 /* FirebasePerformance in Frameworks */ = {isa = PBXBuildFile; productRef = 65CF61662C0AEDB0003E6D75 /* FirebasePerformance */; };
		65CF61692C0AEDB0003E6D75 /* FirebaseRemoteConfig in Frameworks */ = {isa = PBXBuildFile; productRef = 65CF61682C0AEDB0003E6D75 /* FirebaseRemoteConfig */; };
		65CF616B2C0AEDB0003E6D75 /* FirebaseRemoteConfigSwift in Frameworks */ = {isa = PBXBuildFile; productRef = 65CF616A2C0AEDB0003E6D75 /* FirebaseRemoteConfigSwift */; };
		65CF616D2C0AEDB0003E6D75 /* FirebaseStorage in Frameworks */ = {isa = PBXBuildFile; productRef = 65CF616C2C0AEDB0003E6D75 /* FirebaseStorage */; };
		65CF616F2C0AEDB0003E6D75 /* FirebaseStorageCombine-Community in Frameworks */ = {isa = PBXBuildFile; productRef = 65CF616E2C0AEDB0003E6D75 /* FirebaseStorageCombine-Community */; };
		65CF61712C0AEDB0003E6D75 /* FirebaseVertexAI-Preview in Frameworks */ = {isa = PBXBuildFile; productRef = 65CF61702C0AEDB0003E6D75 /* FirebaseVertexAI-Preview */; };
		65CF61772C0B03EA003E6D75 /* Log.swift in Sources */ = {isa = PBXBuildFile; fileRef = 65CF61762C0B03EA003E6D75 /* Log.swift */; };
		65CF617B2C0C5ED7003E6D75 /* Coordinator.swift in Sources */ = {isa = PBXBuildFile; fileRef = 65CF617A2C0C5ED7003E6D75 /* Coordinator.swift */; };
		65CF617D2C0C5EEC003E6D75 /* DIContainer.swift in Sources */ = {isa = PBXBuildFile; fileRef = 65CF617C2C0C5EEC003E6D75 /* DIContainer.swift */; };
		65CF617F2C0C5F20003E6D75 /* CalendarCoordinator.swift in Sources */ = {isa = PBXBuildFile; fileRef = 65CF617E2C0C5F20003E6D75 /* CalendarCoordinator.swift */; };
		65CF61812C0C5F44003E6D75 /* CalendarDIContainer.swift in Sources */ = {isa = PBXBuildFile; fileRef = 65CF61802C0C5F44003E6D75 /* CalendarDIContainer.swift */; };
		65CF61842C0C6053003E6D75 /* CalendarViewController.swift in Sources */ = {isa = PBXBuildFile; fileRef = 65CF61832C0C6053003E6D75 /* CalendarViewController.swift */; };
		65CF61892C0C6092003E6D75 /* CalendarViewModel.swift in Sources */ = {isa = PBXBuildFile; fileRef = 65CF61882C0C6092003E6D75 /* CalendarViewModel.swift */; };
		65CF618C2C108CBD003E6D75 /* FSCalendar in Frameworks */ = {isa = PBXBuildFile; productRef = 65CF618B2C108CBD003E6D75 /* FSCalendar */; };
		65CF61972C116E87003E6D75 /* RecordWriteViewController.swift in Sources */ = {isa = PBXBuildFile; fileRef = 65CF61962C116E87003E6D75 /* RecordWriteViewController.swift */; };
		65CF61992C117061003E6D75 /* RecordDIContainer.swift in Sources */ = {isa = PBXBuildFile; fileRef = 65CF61982C117061003E6D75 /* RecordDIContainer.swift */; };
		65CF619B2C11706A003E6D75 /* RecordCoordinator.swift in Sources */ = {isa = PBXBuildFile; fileRef = 65CF619A2C11706A003E6D75 /* RecordCoordinator.swift */; };
		65CF619E2C158B71003E6D75 /* BaseViewController.swift in Sources */ = {isa = PBXBuildFile; fileRef = 65CF619D2C158B71003E6D75 /* BaseViewController.swift */; };
		65CF61A02C158B77003E6D75 /* BaseViewModel.swift in Sources */ = {isa = PBXBuildFile; fileRef = 65CF619F2C158B77003E6D75 /* BaseViewModel.swift */; };
		65CF61C22C1D6039003E6D75 /* RecordViewModel.swift in Sources */ = {isa = PBXBuildFile; fileRef = 65CF61C12C1D6039003E6D75 /* RecordViewModel.swift */; };
		65CF61C42C243E78003E6D75 /* RecordFooterView.swift in Sources */ = {isa = PBXBuildFile; fileRef = 65CF61C32C243E78003E6D75 /* RecordFooterView.swift */; };
		65CF61C62C243EDD003E6D75 /* BaseView.swift in Sources */ = {isa = PBXBuildFile; fileRef = 65CF61C52C243EDD003E6D75 /* BaseView.swift */; };
		65CF61C82C24425A003E6D75 /* EmotionalImagePopupView.swift in Sources */ = {isa = PBXBuildFile; fileRef = 65CF61C72C24425A003E6D75 /* EmotionalImagePopupView.swift */; };
		65CF61CA2C24454E003E6D75 /* AttachedImageCollectionView.swift in Sources */ = {isa = PBXBuildFile; fileRef = 65CF61C92C24454E003E6D75 /* AttachedImageCollectionView.swift */; };
		65FA64502C9EAACD001F5002 /* WidgetKit.framework in Frameworks */ = {isa = PBXBuildFile; fileRef = 65FA644F2C9EAACD001F5002 /* WidgetKit.framework */; };
		65FA64522C9EAACD001F5002 /* SwiftUI.framework in Frameworks */ = {isa = PBXBuildFile; fileRef = 65FA64512C9EAACD001F5002 /* SwiftUI.framework */; };
		65FA64552C9EAACD001F5002 /* WidgetBundle.swift in Sources */ = {isa = PBXBuildFile; fileRef = 65FA64542C9EAACD001F5002 /* WidgetBundle.swift */; };
		65FA64572C9EAACD001F5002 /* Widget.swift in Sources */ = {isa = PBXBuildFile; fileRef = 65FA64562C9EAACD001F5002 /* Widget.swift */; };
		65FA64592C9EAACF001F5002 /* Assets.xcassets in Resources */ = {isa = PBXBuildFile; fileRef = 65FA64582C9EAACF001F5002 /* Assets.xcassets */; };
		65FA645D2C9EAACF001F5002 /* WidgetExtension.appex in Embed Foundation Extensions */ = {isa = PBXBuildFile; fileRef = 65FA644D2C9EAACD001F5002 /* WidgetExtension.appex */; settings = {ATTRIBUTES = (RemoveHeadersOnCopy, ); }; };
/* End PBXBuildFile section */

/* Begin PBXContainerItemProxy section */
		65FA645B2C9EAACF001F5002 /* PBXContainerItemProxy */ = {
			isa = PBXContainerItemProxy;
			containerPortal = 65CF61122C036432003E6D75 /* Project object */;
			proxyType = 1;
			remoteGlobalIDString = 65FA644C2C9EAACD001F5002;
			remoteInfo = WidgetExtension;
		};
/* End PBXContainerItemProxy section */

/* Begin PBXCopyFilesBuildPhase section */
		65FA645E2C9EAACF001F5002 /* Embed Foundation Extensions */ = {
			isa = PBXCopyFilesBuildPhase;
			buildActionMask = 2147483647;
			dstPath = "";
			dstSubfolderSpec = 13;
			files = (
				65FA645D2C9EAACF001F5002 /* WidgetExtension.appex in Embed Foundation Extensions */,
			);
			name = "Embed Foundation Extensions";
			runOnlyForDeploymentPostprocessing = 0;
		};
/* End PBXCopyFilesBuildPhase section */

/* Begin PBXFileReference section */
		6508A21C2C6DD5AC005AB6DC /* KeyChainManager.swift */ = {isa = PBXFileReference; lastKnownFileType = sourcecode.swift; path = KeyChainManager.swift; sourceTree = "<group>"; };
		6508A21E2C6DD5DA005AB6DC /* KeyChainAccount.swift */ = {isa = PBXFileReference; lastKnownFileType = sourcecode.swift; path = KeyChainAccount.swift; sourceTree = "<group>"; };
		6508A2202C79C91D005AB6DC /* FullscreenImageView.swift */ = {isa = PBXFileReference; lastKnownFileType = sourcecode.swift; path = FullscreenImageView.swift; sourceTree = "<group>"; };
		6508A2222C79D021005AB6DC /* SetDarkModeViewController.swift */ = {isa = PBXFileReference; lastKnownFileType = sourcecode.swift; path = SetDarkModeViewController.swift; sourceTree = "<group>"; };
		6508A2242C7CA200005AB6DC /* UITextView+.swift */ = {isa = PBXFileReference; lastKnownFileType = sourcecode.swift; path = "UITextView+.swift"; sourceTree = "<group>"; };
		651A9F2A2C9ECFBC00B9B1FE /* WidgetExtension.entitlements */ = {isa = PBXFileReference; lastKnownFileType = text.plist.entitlements; path = WidgetExtension.entitlements; sourceTree = "<group>"; };
		6522DE282C8D68C700AB23A5 /* GoogleService-Info.plist */ = {isa = PBXFileReference; fileEncoding = 4; lastKnownFileType = text.plist.xml; path = "GoogleService-Info.plist"; sourceTree = "<group>"; };
		6522DE2B2C8D84EE00AB23A5 /* AppleSignInService.swift */ = {isa = PBXFileReference; lastKnownFileType = sourcecode.swift; path = AppleSignInService.swift; sourceTree = "<group>"; };
		657DB90D2C5BB5EB008DD96E /* ProfileViewModel.swift */ = {isa = PBXFileReference; lastKnownFileType = sourcecode.swift; path = ProfileViewModel.swift; sourceTree = "<group>"; };
		657DB90F2C5BB600008DD96E /* ProfileViewController.swift */ = {isa = PBXFileReference; lastKnownFileType = sourcecode.swift; path = ProfileViewController.swift; sourceTree = "<group>"; };
		657DB9112C5BB845008DD96E /* ProfileCoordinator.swift */ = {isa = PBXFileReference; lastKnownFileType = sourcecode.swift; path = ProfileCoordinator.swift; sourceTree = "<group>"; };
		657DB9132C5BB871008DD96E /* ProfileDIContainer.swift */ = {isa = PBXFileReference; lastKnownFileType = sourcecode.swift; path = ProfileDIContainer.swift; sourceTree = "<group>"; };
		659946622C2FE4BE0030598B /* UserResponseDTO.swift */ = {isa = PBXFileReference; lastKnownFileType = sourcecode.swift; path = UserResponseDTO.swift; sourceTree = "<group>"; };
		659946652C2FE79F0030598B /* User.swift */ = {isa = PBXFileReference; lastKnownFileType = sourcecode.swift; path = User.swift; sourceTree = "<group>"; };
		659946692C3024A60030598B /* UserRequest.swift */ = {isa = PBXFileReference; lastKnownFileType = sourcecode.swift; path = UserRequest.swift; sourceTree = "<group>"; };
		6599466C2C3024F40030598B /* Encodable+.swift */ = {isa = PBXFileReference; lastKnownFileType = sourcecode.swift; path = "Encodable+.swift"; sourceTree = "<group>"; };
		659946702C38397F0030598B /* UserDefaultsWrapper.swift */ = {isa = PBXFileReference; lastKnownFileType = sourcecode.swift; path = UserDefaultsWrapper.swift; sourceTree = "<group>"; };
		659946722C3839860030598B /* UserDefaultsSetting.swift */ = {isa = PBXFileReference; lastKnownFileType = sourcecode.swift; path = UserDefaultsSetting.swift; sourceTree = "<group>"; };
		659946762C3A68E50030598B /* ProfileUseCase.swift */ = {isa = PBXFileReference; lastKnownFileType = sourcecode.swift; path = ProfileUseCase.swift; sourceTree = "<group>"; };
		659946782C3A69400030598B /* ProfileRepository.swift */ = {isa = PBXFileReference; lastKnownFileType = sourcecode.swift; path = ProfileRepository.swift; sourceTree = "<group>"; };
		6599467B2C3A6A3D0030598B /* DefaultProfileRepository.swift */ = {isa = PBXFileReference; lastKnownFileType = sourcecode.swift; path = DefaultProfileRepository.swift; sourceTree = "<group>"; };
		6599467D2C3A8B060030598B /* RecordRepository.swift */ = {isa = PBXFileReference; lastKnownFileType = sourcecode.swift; path = RecordRepository.swift; sourceTree = "<group>"; };
		6599467F2C3A8B1D0030598B /* DefaultRecordRepository.swift */ = {isa = PBXFileReference; lastKnownFileType = sourcecode.swift; path = DefaultRecordRepository.swift; sourceTree = "<group>"; };
		659946812C3A8B410030598B /* RecordUseCase.swift */ = {isa = PBXFileReference; lastKnownFileType = sourcecode.swift; path = RecordUseCase.swift; sourceTree = "<group>"; };
		659946832C3AB97A0030598B /* RecordRequest.swift */ = {isa = PBXFileReference; lastKnownFileType = sourcecode.swift; path = RecordRequest.swift; sourceTree = "<group>"; };
		659946852C3AB9880030598B /* RecordResponseDTO.swift */ = {isa = PBXFileReference; lastKnownFileType = sourcecode.swift; path = RecordResponseDTO.swift; sourceTree = "<group>"; };
		659946872C4249690030598B /* CalendarRepository.swift */ = {isa = PBXFileReference; lastKnownFileType = sourcecode.swift; path = CalendarRepository.swift; sourceTree = "<group>"; };
		6599468D2C4249DB0030598B /* DefaultCalendarRepository.swift */ = {isa = PBXFileReference; lastKnownFileType = sourcecode.swift; path = DefaultCalendarRepository.swift; sourceTree = "<group>"; };
		6599468F2C4249E30030598B /* CalendarUseCase.swift */ = {isa = PBXFileReference; lastKnownFileType = sourcecode.swift; path = CalendarUseCase.swift; sourceTree = "<group>"; };
		659946912C424C660030598B /* Date+.swift */ = {isa = PBXFileReference; lastKnownFileType = sourcecode.swift; path = "Date+.swift"; sourceTree = "<group>"; };
		659946932C43EB1B0030598B /* RecordEntity.swift */ = {isa = PBXFileReference; lastKnownFileType = sourcecode.swift; path = RecordEntity.swift; sourceTree = "<group>"; };
		659946962C43F1980030598B /* Type.swift */ = {isa = PBXFileReference; lastKnownFileType = sourcecode.swift; path = Type.swift; sourceTree = "<group>"; };
		659946992C4961840030598B /* omyu_pretty.ttf */ = {isa = PBXFileReference; lastKnownFileType = file; path = omyu_pretty.ttf; sourceTree = "<group>"; };
		659946AB2C4BD8C70030598B /* UIImage+.swift */ = {isa = PBXFileReference; lastKnownFileType = sourcecode.swift; path = "UIImage+.swift"; sourceTree = "<group>"; };
		659946AF2C4BECC00030598B /* LoadingIndicator.swift */ = {isa = PBXFileReference; lastKnownFileType = sourcecode.swift; path = LoadingIndicator.swift; sourceTree = "<group>"; };
		659946B12C4D1AF10030598B /* BaseNavigationController.swift */ = {isa = PBXFileReference; lastKnownFileType = sourcecode.swift; path = BaseNavigationController.swift; sourceTree = "<group>"; };
		659946B32C4FD4AB0030598B /* RecordHistoryViewController.swift */ = {isa = PBXFileReference; lastKnownFileType = sourcecode.swift; path = RecordHistoryViewController.swift; sourceTree = "<group>"; };
		659946B52C54E13B0030598B /* ImageCarouselView.swift */ = {isa = PBXFileReference; lastKnownFileType = sourcecode.swift; path = ImageCarouselView.swift; sourceTree = "<group>"; };
		659946BA2C564FCF0030598B /* UIViewController+.swift */ = {isa = PBXFileReference; lastKnownFileType = sourcecode.swift; path = "UIViewController+.swift"; sourceTree = "<group>"; };
		65CF611A2C036432003E6D75 /* DailyRecord.app */ = {isa = PBXFileReference; explicitFileType = wrapper.application; includeInIndex = 0; path = DailyRecord.app; sourceTree = BUILT_PRODUCTS_DIR; };
		65CF611D2C036432003E6D75 /* AppDelegate.swift */ = {isa = PBXFileReference; lastKnownFileType = sourcecode.swift; path = AppDelegate.swift; sourceTree = "<group>"; };
		65CF611F2C036432003E6D75 /* SceneDelegate.swift */ = {isa = PBXFileReference; lastKnownFileType = sourcecode.swift; path = SceneDelegate.swift; sourceTree = "<group>"; };
		65CF61262C036433003E6D75 /* Assets.xcassets */ = {isa = PBXFileReference; lastKnownFileType = folder.assetcatalog; path = Assets.xcassets; sourceTree = "<group>"; };
		65CF61292C036433003E6D75 /* Base */ = {isa = PBXFileReference; lastKnownFileType = file.storyboard; name = Base; path = Base.lproj/LaunchScreen.storyboard; sourceTree = "<group>"; };
		65CF612B2C036433003E6D75 /* Info.plist */ = {isa = PBXFileReference; lastKnownFileType = text.plist.xml; path = Info.plist; sourceTree = "<group>"; };
		65CF61762C0B03EA003E6D75 /* Log.swift */ = {isa = PBXFileReference; lastKnownFileType = sourcecode.swift; path = Log.swift; sourceTree = "<group>"; };
		65CF617A2C0C5ED7003E6D75 /* Coordinator.swift */ = {isa = PBXFileReference; lastKnownFileType = sourcecode.swift; path = Coordinator.swift; sourceTree = "<group>"; };
		65CF617C2C0C5EEC003E6D75 /* DIContainer.swift */ = {isa = PBXFileReference; lastKnownFileType = sourcecode.swift; path = DIContainer.swift; sourceTree = "<group>"; };
		65CF617E2C0C5F20003E6D75 /* CalendarCoordinator.swift */ = {isa = PBXFileReference; lastKnownFileType = sourcecode.swift; path = CalendarCoordinator.swift; sourceTree = "<group>"; };
		65CF61802C0C5F44003E6D75 /* CalendarDIContainer.swift */ = {isa = PBXFileReference; lastKnownFileType = sourcecode.swift; path = CalendarDIContainer.swift; sourceTree = "<group>"; };
		65CF61832C0C6053003E6D75 /* CalendarViewController.swift */ = {isa = PBXFileReference; lastKnownFileType = sourcecode.swift; path = CalendarViewController.swift; sourceTree = "<group>"; };
		65CF61882C0C6092003E6D75 /* CalendarViewModel.swift */ = {isa = PBXFileReference; lastKnownFileType = sourcecode.swift; path = CalendarViewModel.swift; sourceTree = "<group>"; };
		65CF61962C116E87003E6D75 /* RecordWriteViewController.swift */ = {isa = PBXFileReference; lastKnownFileType = sourcecode.swift; path = RecordWriteViewController.swift; sourceTree = "<group>"; };
		65CF61982C117061003E6D75 /* RecordDIContainer.swift */ = {isa = PBXFileReference; lastKnownFileType = sourcecode.swift; path = RecordDIContainer.swift; sourceTree = "<group>"; };
		65CF619A2C11706A003E6D75 /* RecordCoordinator.swift */ = {isa = PBXFileReference; lastKnownFileType = sourcecode.swift; path = RecordCoordinator.swift; sourceTree = "<group>"; };
		65CF619D2C158B71003E6D75 /* BaseViewController.swift */ = {isa = PBXFileReference; lastKnownFileType = sourcecode.swift; path = BaseViewController.swift; sourceTree = "<group>"; };
		65CF619F2C158B77003E6D75 /* BaseViewModel.swift */ = {isa = PBXFileReference; lastKnownFileType = sourcecode.swift; path = BaseViewModel.swift; sourceTree = "<group>"; };
		65CF61C12C1D6039003E6D75 /* RecordViewModel.swift */ = {isa = PBXFileReference; lastKnownFileType = sourcecode.swift; path = RecordViewModel.swift; sourceTree = "<group>"; };
		65CF61C32C243E78003E6D75 /* RecordFooterView.swift */ = {isa = PBXFileReference; lastKnownFileType = sourcecode.swift; path = RecordFooterView.swift; sourceTree = "<group>"; };
		65CF61C52C243EDD003E6D75 /* BaseView.swift */ = {isa = PBXFileReference; lastKnownFileType = sourcecode.swift; path = BaseView.swift; sourceTree = "<group>"; };
		65CF61C72C24425A003E6D75 /* EmotionalImagePopupView.swift */ = {isa = PBXFileReference; lastKnownFileType = sourcecode.swift; path = EmotionalImagePopupView.swift; sourceTree = "<group>"; };
		65CF61C92C24454E003E6D75 /* AttachedImageCollectionView.swift */ = {isa = PBXFileReference; lastKnownFileType = sourcecode.swift; path = AttachedImageCollectionView.swift; sourceTree = "<group>"; };
		65CF61D42C27CEC6003E6D75 /* DailyRecord.entitlements */ = {isa = PBXFileReference; lastKnownFileType = text.plist.entitlements; path = DailyRecord.entitlements; sourceTree = "<group>"; };
		65FA644D2C9EAACD001F5002 /* WidgetExtension.appex */ = {isa = PBXFileReference; explicitFileType = "wrapper.app-extension"; includeInIndex = 0; path = WidgetExtension.appex; sourceTree = BUILT_PRODUCTS_DIR; };
		65FA644F2C9EAACD001F5002 /* WidgetKit.framework */ = {isa = PBXFileReference; lastKnownFileType = wrapper.framework; name = WidgetKit.framework; path = System/Library/Frameworks/WidgetKit.framework; sourceTree = SDKROOT; };
		65FA64512C9EAACD001F5002 /* SwiftUI.framework */ = {isa = PBXFileReference; lastKnownFileType = wrapper.framework; name = SwiftUI.framework; path = System/Library/Frameworks/SwiftUI.framework; sourceTree = SDKROOT; };
		65FA64542C9EAACD001F5002 /* WidgetBundle.swift */ = {isa = PBXFileReference; lastKnownFileType = sourcecode.swift; path = WidgetBundle.swift; sourceTree = "<group>"; };
		65FA64562C9EAACD001F5002 /* Widget.swift */ = {isa = PBXFileReference; lastKnownFileType = sourcecode.swift; path = Widget.swift; sourceTree = "<group>"; };
		65FA64582C9EAACF001F5002 /* Assets.xcassets */ = {isa = PBXFileReference; lastKnownFileType = folder.assetcatalog; path = Assets.xcassets; sourceTree = "<group>"; };
		65FA645A2C9EAACF001F5002 /* Info.plist */ = {isa = PBXFileReference; lastKnownFileType = text.plist.xml; path = Info.plist; sourceTree = "<group>"; };
/* End PBXFileReference section */

/* Begin PBXFrameworksBuildPhase section */
		65CF61172C036432003E6D75 /* Frameworks */ = {
			isa = PBXFrameworksBuildPhase;
			buildActionMask = 2147483647;
			files = (
				65CF614D2C0AEDB0003E6D75 /* FirebaseDatabase in Frameworks */,
				65CF615B2C0AEDB0003E6D75 /* FirebaseFunctionsCombine-Community in Frameworks */,
				65CF618C2C108CBD003E6D75 /* FSCalendar in Frameworks */,
				65CF61532C0AEDB0003E6D75 /* FirebaseFirestore in Frameworks */,
				65CF613F2C0AEDB0003E6D75 /* FirebaseAnalyticsSwift in Frameworks */,
				65CF613B2C0AEDB0003E6D75 /* FirebaseAnalytics in Frameworks */,
				65CF613D2C0AEDB0003E6D75 /* FirebaseAnalyticsOnDeviceConversion in Frameworks */,
				65CF61632C0AEDB0003E6D75 /* FirebaseMLModelDownloader in Frameworks */,
				65CF61572C0AEDB0003E6D75 /* FirebaseFirestoreSwift in Frameworks */,
				659946542C27DD8E0030598B /* SnapKit in Frameworks */,
				65CF61432C0AEDB0003E6D75 /* FirebaseAppCheck in Frameworks */,
				65CF61412C0AEDB0003E6D75 /* FirebaseAnalyticsWithoutAdIdSupport in Frameworks */,
				65CF61472C0AEDB0003E6D75 /* FirebaseAuth in Frameworks */,
				65CF614B2C0AEDB0003E6D75 /* FirebaseCrashlytics in Frameworks */,
				65CF616B2C0AEDB0003E6D75 /* FirebaseRemoteConfigSwift in Frameworks */,
				65CF615D2C0AEDB0003E6D75 /* FirebaseInAppMessaging-Beta in Frameworks */,
				65CF614F2C0AEDB0003E6D75 /* FirebaseDatabaseSwift in Frameworks */,
				65CF61592C0AEDB0003E6D75 /* FirebaseFunctions in Frameworks */,
				65CF616F2C0AEDB0003E6D75 /* FirebaseStorageCombine-Community in Frameworks */,
				65CF61692C0AEDB0003E6D75 /* FirebaseRemoteConfig in Frameworks */,
				65CF61452C0AEDB0003E6D75 /* FirebaseAppDistribution-Beta in Frameworks */,
				65CF61492C0AEDB0003E6D75 /* FirebaseAuthCombine-Community in Frameworks */,
				65CF61672C0AEDB0003E6D75 /* FirebasePerformance in Frameworks */,
				65CF615F2C0AEDB0003E6D75 /* FirebaseInAppMessagingSwift-Beta in Frameworks */,
				65CF616D2C0AEDB0003E6D75 /* FirebaseStorage in Frameworks */,
				65CF61512C0AEDB0003E6D75 /* FirebaseDynamicLinks in Frameworks */,
				65CF61712C0AEDB0003E6D75 /* FirebaseVertexAI-Preview in Frameworks */,
				65CF61552C0AEDB0003E6D75 /* FirebaseFirestoreCombine-Community in Frameworks */,
				65CF61652C0AEDB0003E6D75 /* FirebaseMessaging in Frameworks */,
				65CF61612C0AEDB0003E6D75 /* FirebaseInstallations in Frameworks */,
			);
			runOnlyForDeploymentPostprocessing = 0;
		};
		65FA644A2C9EAACD001F5002 /* Frameworks */ = {
			isa = PBXFrameworksBuildPhase;
			buildActionMask = 2147483647;
			files = (
				65FA64522C9EAACD001F5002 /* SwiftUI.framework in Frameworks */,
				651A9F6A2C9EE96800B9B1FE /* FirebaseFirestore in Frameworks */,
				651A9F682C9EE96800B9B1FE /* FirebaseAuth in Frameworks */,
				65FA64502C9EAACD001F5002 /* WidgetKit.framework in Frameworks */,
			);
			runOnlyForDeploymentPostprocessing = 0;
		};
/* End PBXFrameworksBuildPhase section */

/* Begin PBXGroup section */
		6508A21B2C6DD59E005AB6DC /* KeyChain */ = {
			isa = PBXGroup;
			children = (
				6508A21C2C6DD5AC005AB6DC /* KeyChainManager.swift */,
				6508A21E2C6DD5DA005AB6DC /* KeyChainAccount.swift */,
			);
			path = KeyChain;
			sourceTree = "<group>";
		};
		6522DE2A2C8D84E400AB23A5 /* Service */ = {
			isa = PBXGroup;
			children = (
				6522DE2B2C8D84EE00AB23A5 /* AppleSignInService.swift */,
			);
			path = Service;
			sourceTree = "<group>";
		};
		657DB90A2C5BB584008DD96E /* ProfileScene */ = {
			isa = PBXGroup;
			children = (
				657DB90C2C5BB5BD008DD96E /* ViewController */,
				657DB90B2C5BB5B8008DD96E /* ViewModel */,
			);
			path = ProfileScene;
			sourceTree = "<group>";
		};
		657DB90B2C5BB5B8008DD96E /* ViewModel */ = {
			isa = PBXGroup;
			children = (
				657DB90D2C5BB5EB008DD96E /* ProfileViewModel.swift */,
			);
			path = ViewModel;
			sourceTree = "<group>";
		};
		657DB90C2C5BB5BD008DD96E /* ViewController */ = {
			isa = PBXGroup;
			children = (
				657DB90F2C5BB600008DD96E /* ProfileViewController.swift */,
				6508A2222C79D021005AB6DC /* SetDarkModeViewController.swift */,
			);
			path = ViewController;
			sourceTree = "<group>";
		};
		659946642C2FE79A0030598B /* Entity */ = {
			isa = PBXGroup;
			children = (
				659946652C2FE79F0030598B /* User.swift */,
				659946932C43EB1B0030598B /* RecordEntity.swift */,
			);
			path = Entity;
			sourceTree = "<group>";
		};
		659946672C2FE7A50030598B /* Response */ = {
			isa = PBXGroup;
			children = (
				659946622C2FE4BE0030598B /* UserResponseDTO.swift */,
				659946852C3AB9880030598B /* RecordResponseDTO.swift */,
			);
			path = Response;
			sourceTree = "<group>";
		};
		659946682C2FF2140030598B /* Request */ = {
			isa = PBXGroup;
			children = (
				659946692C3024A60030598B /* UserRequest.swift */,
				659946832C3AB97A0030598B /* RecordRequest.swift */,
			);
			path = Request;
			sourceTree = "<group>";
		};
		6599466B2C3024D70030598B /* Extension */ = {
			isa = PBXGroup;
			children = (
				6599466C2C3024F40030598B /* Encodable+.swift */,
				659946912C424C660030598B /* Date+.swift */,
				659946AB2C4BD8C70030598B /* UIImage+.swift */,
				659946BA2C564FCF0030598B /* UIViewController+.swift */,
				6508A2242C7CA200005AB6DC /* UITextView+.swift */,
			);
			path = Extension;
			sourceTree = "<group>";
		};
		6599466E2C3839640030598B /* Storage */ = {
			isa = PBXGroup;
			children = (
				6508A21B2C6DD59E005AB6DC /* KeyChain */,
				6599466F2C3839740030598B /* UserDefaults */,
			);
			path = Storage;
			sourceTree = "<group>";
		};
		6599466F2C3839740030598B /* UserDefaults */ = {
			isa = PBXGroup;
			children = (
				659946702C38397F0030598B /* UserDefaultsWrapper.swift */,
				659946722C3839860030598B /* UserDefaultsSetting.swift */,
			);
			path = UserDefaults;
			sourceTree = "<group>";
		};
		659946742C3A68660030598B /* UseCase */ = {
			isa = PBXGroup;
			children = (
				659946762C3A68E50030598B /* ProfileUseCase.swift */,
				659946812C3A8B410030598B /* RecordUseCase.swift */,
				6599468F2C4249E30030598B /* CalendarUseCase.swift */,
			);
			path = UseCase;
			sourceTree = "<group>";
		};
		659946752C3A68A50030598B /* Repository */ = {
			isa = PBXGroup;
			children = (
				659946782C3A69400030598B /* ProfileRepository.swift */,
				6599467D2C3A8B060030598B /* RecordRepository.swift */,
				659946872C4249690030598B /* CalendarRepository.swift */,
			);
			path = Repository;
			sourceTree = "<group>";
		};
		6599467A2C3A6A290030598B /* Interface */ = {
			isa = PBXGroup;
			children = (
				6599467B2C3A6A3D0030598B /* DefaultProfileRepository.swift */,
				6599467F2C3A8B1D0030598B /* DefaultRecordRepository.swift */,
				6599468D2C4249DB0030598B /* DefaultCalendarRepository.swift */,
			);
			path = Interface;
			sourceTree = "<group>";
		};
		659946952C43F1910030598B /* Common */ = {
			isa = PBXGroup;
			children = (
				659946962C43F1980030598B /* Type.swift */,
				659946AF2C4BECC00030598B /* LoadingIndicator.swift */,
			);
			path = Common;
			sourceTree = "<group>";
		};
		659946982C49602A0030598B /* Font */ = {
			isa = PBXGroup;
			children = (
				659946992C4961840030598B /* omyu_pretty.ttf */,
			);
			path = Font;
			sourceTree = "<group>";
		};
		65CF61112C036432003E6D75 = {
			isa = PBXGroup;
			children = (
				651A9F2A2C9ECFBC00B9B1FE /* WidgetExtension.entitlements */,
				65CF611C2C036432003E6D75 /* DailyRecord */,
				65FA64532C9EAACD001F5002 /* Widget */,
				65FA644E2C9EAACD001F5002 /* Frameworks */,
				65CF611B2C036432003E6D75 /* Products */,
			);
			sourceTree = "<group>";
		};
		65CF611B2C036432003E6D75 /* Products */ = {
			isa = PBXGroup;
			children = (
				65CF611A2C036432003E6D75 /* DailyRecord.app */,
				65FA644D2C9EAACD001F5002 /* WidgetExtension.appex */,
			);
			name = Products;
			sourceTree = "<group>";
		};
		65CF611C2C036432003E6D75 /* DailyRecord */ = {
			isa = PBXGroup;
			children = (
				65CF61D42C27CEC6003E6D75 /* DailyRecord.entitlements */,
				65CF61312C073D1E003E6D75 /* Application */,
				65CF61332C073D34003E6D75 /* Data */,
				65CF61322C073D2D003E6D75 /* Domain */,
				65CF61342C073D44003E6D75 /* Presentation */,
				65CF61352C073D4C003E6D75 /* Util */,
				65CF61362C073D50003E6D75 /* Resource */,
			);
			path = DailyRecord;
			sourceTree = "<group>";
		};
		65CF61312C073D1E003E6D75 /* Application */ = {
			isa = PBXGroup;
			children = (
				65CF61792C0C5D91003E6D75 /* DIContainer */,
				65CF61782C0C5D86003E6D75 /* Coordinator */,
				65CF611D2C036432003E6D75 /* AppDelegate.swift */,
				65CF611F2C036432003E6D75 /* SceneDelegate.swift */,
			);
			path = Application;
			sourceTree = "<group>";
		};
		65CF61322C073D2D003E6D75 /* Domain */ = {
			isa = PBXGroup;
			children = (
				6599467A2C3A6A290030598B /* Interface */,
				659946742C3A68660030598B /* UseCase */,
				659946642C2FE79A0030598B /* Entity */,
			);
			path = Domain;
			sourceTree = "<group>";
		};
		65CF61332C073D34003E6D75 /* Data */ = {
			isa = PBXGroup;
			children = (
				6522DE2A2C8D84E400AB23A5 /* Service */,
				6599466E2C3839640030598B /* Storage */,
				659946752C3A68A50030598B /* Repository */,
				659946682C2FF2140030598B /* Request */,
				659946672C2FE7A50030598B /* Response */,
			);
			path = Data;
			sourceTree = "<group>";
		};
		65CF61342C073D44003E6D75 /* Presentation */ = {
			isa = PBXGroup;
			children = (
				65CF61822C0C6030003E6D75 /* CalenderScene */,
				65CF61922C116DB6003E6D75 /* RecordScene */,
				657DB90A2C5BB584008DD96E /* ProfileScene */,
			);
			path = Presentation;
			sourceTree = "<group>";
		};
		65CF61352C073D4C003E6D75 /* Util */ = {
			isa = PBXGroup;
			children = (
				659946952C43F1910030598B /* Common */,
				65CF619C2C158B66003E6D75 /* Base */,
				65CF61752C0B03DC003E6D75 /* Logger */,
				6599466B2C3024D70030598B /* Extension */,
			);
			path = Util;
			sourceTree = "<group>";
		};
		65CF61362C073D50003E6D75 /* Resource */ = {
			isa = PBXGroup;
			children = (
				659946982C49602A0030598B /* Font */,
				65CF61282C036433003E6D75 /* LaunchScreen.storyboard */,
				6522DE282C8D68C700AB23A5 /* GoogleService-Info.plist */,
				65CF612B2C036433003E6D75 /* Info.plist */,
				65CF61262C036433003E6D75 /* Assets.xcassets */,
			);
			path = Resource;
			sourceTree = "<group>";
		};
		65CF61752C0B03DC003E6D75 /* Logger */ = {
			isa = PBXGroup;
			children = (
				65CF61762C0B03EA003E6D75 /* Log.swift */,
			);
			path = Logger;
			sourceTree = "<group>";
		};
		65CF61782C0C5D86003E6D75 /* Coordinator */ = {
			isa = PBXGroup;
			children = (
				65CF617A2C0C5ED7003E6D75 /* Coordinator.swift */,
				65CF617E2C0C5F20003E6D75 /* CalendarCoordinator.swift */,
				65CF619A2C11706A003E6D75 /* RecordCoordinator.swift */,
				657DB9112C5BB845008DD96E /* ProfileCoordinator.swift */,
			);
			path = Coordinator;
			sourceTree = "<group>";
		};
		65CF61792C0C5D91003E6D75 /* DIContainer */ = {
			isa = PBXGroup;
			children = (
				65CF617C2C0C5EEC003E6D75 /* DIContainer.swift */,
				65CF61802C0C5F44003E6D75 /* CalendarDIContainer.swift */,
				65CF61982C117061003E6D75 /* RecordDIContainer.swift */,
				657DB9132C5BB871008DD96E /* ProfileDIContainer.swift */,
			);
			path = DIContainer;
			sourceTree = "<group>";
		};
		65CF61822C0C6030003E6D75 /* CalenderScene */ = {
			isa = PBXGroup;
			children = (
				65CF61852C0C605D003E6D75 /* ViewController */,
				65CF61872C0C606C003E6D75 /* ViewModel */,
			);
			path = CalenderScene;
			sourceTree = "<group>";
		};
		65CF61852C0C605D003E6D75 /* ViewController */ = {
			isa = PBXGroup;
			children = (
				65CF61832C0C6053003E6D75 /* CalendarViewController.swift */,
			);
			path = ViewController;
			sourceTree = "<group>";
		};
		65CF61872C0C606C003E6D75 /* ViewModel */ = {
			isa = PBXGroup;
			children = (
				65CF61882C0C6092003E6D75 /* CalendarViewModel.swift */,
			);
			path = ViewModel;
			sourceTree = "<group>";
		};
		65CF61922C116DB6003E6D75 /* RecordScene */ = {
			isa = PBXGroup;
			children = (
				65CF61932C116E68003E6D75 /* View */,
				65CF61942C116E6C003E6D75 /* ViewController */,
				65CF61952C116E76003E6D75 /* ViewModel */,
			);
			path = RecordScene;
			sourceTree = "<group>";
		};
		65CF61932C116E68003E6D75 /* View */ = {
			isa = PBXGroup;
			children = (
				65CF61C32C243E78003E6D75 /* RecordFooterView.swift */,
				65CF61C72C24425A003E6D75 /* EmotionalImagePopupView.swift */,
				65CF61C92C24454E003E6D75 /* AttachedImageCollectionView.swift */,
				659946B52C54E13B0030598B /* ImageCarouselView.swift */,
				6508A2202C79C91D005AB6DC /* FullscreenImageView.swift */,
			);
			path = View;
			sourceTree = "<group>";
		};
		65CF61942C116E6C003E6D75 /* ViewController */ = {
			isa = PBXGroup;
			children = (
				65CF61962C116E87003E6D75 /* RecordWriteViewController.swift */,
				659946B32C4FD4AB0030598B /* RecordHistoryViewController.swift */,
			);
			path = ViewController;
			sourceTree = "<group>";
		};
		65CF61952C116E76003E6D75 /* ViewModel */ = {
			isa = PBXGroup;
			children = (
				65CF61C12C1D6039003E6D75 /* RecordViewModel.swift */,
			);
			path = ViewModel;
			sourceTree = "<group>";
		};
		65CF619C2C158B66003E6D75 /* Base */ = {
			isa = PBXGroup;
			children = (
				659946B12C4D1AF10030598B /* BaseNavigationController.swift */,
				65CF619D2C158B71003E6D75 /* BaseViewController.swift */,
				65CF619F2C158B77003E6D75 /* BaseViewModel.swift */,
				65CF61C52C243EDD003E6D75 /* BaseView.swift */,
			);
			path = Base;
			sourceTree = "<group>";
		};
		65FA644E2C9EAACD001F5002 /* Frameworks */ = {
			isa = PBXGroup;
			children = (
				65FA644F2C9EAACD001F5002 /* WidgetKit.framework */,
				65FA64512C9EAACD001F5002 /* SwiftUI.framework */,
			);
			name = Frameworks;
			sourceTree = "<group>";
		};
		65FA64532C9EAACD001F5002 /* Widget */ = {
			isa = PBXGroup;
			children = (
				65FA64542C9EAACD001F5002 /* WidgetBundle.swift */,
				65FA64562C9EAACD001F5002 /* Widget.swift */,
				65FA64582C9EAACF001F5002 /* Assets.xcassets */,
				65FA645A2C9EAACF001F5002 /* Info.plist */,
			);
			path = Widget;
			sourceTree = "<group>";
		};
/* End PBXGroup section */

/* Begin PBXNativeTarget section */
		65CF61192C036432003E6D75 /* DailyRecord */ = {
			isa = PBXNativeTarget;
			buildConfigurationList = 65CF612E2C036433003E6D75 /* Build configuration list for PBXNativeTarget "DailyRecord" */;
			buildPhases = (
				65CF61162C036432003E6D75 /* Sources */,
				65CF61172C036432003E6D75 /* Frameworks */,
				65CF61182C036432003E6D75 /* Resources */,
				65FA645E2C9EAACF001F5002 /* Embed Foundation Extensions */,
				65CF61722C0AEED0003E6D75 /* ShellScript */,
			);
			buildRules = (
			);
			dependencies = (
				65FA645C2C9EAACF001F5002 /* PBXTargetDependency */,
			);
			name = DailyRecord;
			packageProductDependencies = (
				65CF613A2C0AEDB0003E6D75 /* FirebaseAnalytics */,
				65CF613C2C0AEDB0003E6D75 /* FirebaseAnalyticsOnDeviceConversion */,
				65CF613E2C0AEDB0003E6D75 /* FirebaseAnalyticsSwift */,
				65CF61402C0AEDB0003E6D75 /* FirebaseAnalyticsWithoutAdIdSupport */,
				65CF61422C0AEDB0003E6D75 /* FirebaseAppCheck */,
				65CF61442C0AEDB0003E6D75 /* FirebaseAppDistribution-Beta */,
				65CF61462C0AEDB0003E6D75 /* FirebaseAuth */,
				65CF61482C0AEDB0003E6D75 /* FirebaseAuthCombine-Community */,
				65CF614A2C0AEDB0003E6D75 /* FirebaseCrashlytics */,
				65CF614C2C0AEDB0003E6D75 /* FirebaseDatabase */,
				65CF614E2C0AEDB0003E6D75 /* FirebaseDatabaseSwift */,
				65CF61502C0AEDB0003E6D75 /* FirebaseDynamicLinks */,
				65CF61522C0AEDB0003E6D75 /* FirebaseFirestore */,
				65CF61542C0AEDB0003E6D75 /* FirebaseFirestoreCombine-Community */,
				65CF61562C0AEDB0003E6D75 /* FirebaseFirestoreSwift */,
				65CF61582C0AEDB0003E6D75 /* FirebaseFunctions */,
				65CF615A2C0AEDB0003E6D75 /* FirebaseFunctionsCombine-Community */,
				65CF615C2C0AEDB0003E6D75 /* FirebaseInAppMessaging-Beta */,
				65CF615E2C0AEDB0003E6D75 /* FirebaseInAppMessagingSwift-Beta */,
				65CF61602C0AEDB0003E6D75 /* FirebaseInstallations */,
				65CF61622C0AEDB0003E6D75 /* FirebaseMLModelDownloader */,
				65CF61642C0AEDB0003E6D75 /* FirebaseMessaging */,
				65CF61662C0AEDB0003E6D75 /* FirebasePerformance */,
				65CF61682C0AEDB0003E6D75 /* FirebaseRemoteConfig */,
				65CF616A2C0AEDB0003E6D75 /* FirebaseRemoteConfigSwift */,
				65CF616C2C0AEDB0003E6D75 /* FirebaseStorage */,
				65CF616E2C0AEDB0003E6D75 /* FirebaseStorageCombine-Community */,
				65CF61702C0AEDB0003E6D75 /* FirebaseVertexAI-Preview */,
				65CF618B2C108CBD003E6D75 /* FSCalendar */,
				659946532C27DD8E0030598B /* SnapKit */,
			);
			productName = DailyRecord;
			productReference = 65CF611A2C036432003E6D75 /* DailyRecord.app */;
			productType = "com.apple.product-type.application";
		};
		65FA644C2C9EAACD001F5002 /* WidgetExtension */ = {
			isa = PBXNativeTarget;
			buildConfigurationList = 65FA64612C9EAACF001F5002 /* Build configuration list for PBXNativeTarget "WidgetExtension" */;
			buildPhases = (
				65FA64492C9EAACD001F5002 /* Sources */,
				65FA644A2C9EAACD001F5002 /* Frameworks */,
				65FA644B2C9EAACD001F5002 /* Resources */,
			);
			buildRules = (
			);
			dependencies = (
			);
			name = WidgetExtension;
			packageProductDependencies = (
				651A9F672C9EE96800B9B1FE /* FirebaseAuth */,
				651A9F692C9EE96800B9B1FE /* FirebaseFirestore */,
			);
			productName = WidgetExtension;
			productReference = 65FA644D2C9EAACD001F5002 /* WidgetExtension.appex */;
			productType = "com.apple.product-type.app-extension";
		};
/* End PBXNativeTarget section */

/* Begin PBXProject section */
		65CF61122C036432003E6D75 /* Project object */ = {
			isa = PBXProject;
			attributes = {
				BuildIndependentTargetsInParallel = 1;
				LastSwiftUpdateCheck = 1520;
				LastUpgradeCheck = 1520;
				TargetAttributes = {
					65CF61192C036432003E6D75 = {
						CreatedOnToolsVersion = 15.2;
					};
					65FA644C2C9EAACD001F5002 = {
						CreatedOnToolsVersion = 15.2;
					};
				};
			};
			buildConfigurationList = 65CF61152C036432003E6D75 /* Build configuration list for PBXProject "DailyRecord" */;
			compatibilityVersion = "Xcode 14.0";
			developmentRegion = ko;
			hasScannedForEncodings = 0;
			knownRegions = (
				ko,
				Base,
			);
			mainGroup = 65CF61112C036432003E6D75;
			packageReferences = (
				65CF61392C0AEDB0003E6D75 /* XCRemoteSwiftPackageReference "firebase-ios-sdk" */,
				65CF618A2C108CBD003E6D75 /* XCRemoteSwiftPackageReference "FSCalendar" */,
				659946522C27DD8E0030598B /* XCRemoteSwiftPackageReference "SnapKit" */,
			);
			productRefGroup = 65CF611B2C036432003E6D75 /* Products */;
			projectDirPath = "";
			projectRoot = "";
			targets = (
				65CF61192C036432003E6D75 /* DailyRecord */,
				65FA644C2C9EAACD001F5002 /* WidgetExtension */,
			);
		};
/* End PBXProject section */

/* Begin PBXResourcesBuildPhase section */
		65CF61182C036432003E6D75 /* Resources */ = {
			isa = PBXResourcesBuildPhase;
			buildActionMask = 2147483647;
			files = (
				6599469A2C4961840030598B /* omyu_pretty.ttf in Resources */,
				6522DE292C8D68C700AB23A5 /* GoogleService-Info.plist in Resources */,
				65CF612A2C036433003E6D75 /* LaunchScreen.storyboard in Resources */,
				65CF61272C036433003E6D75 /* Assets.xcassets in Resources */,
			);
			runOnlyForDeploymentPostprocessing = 0;
		};
		65FA644B2C9EAACD001F5002 /* Resources */ = {
			isa = PBXResourcesBuildPhase;
			buildActionMask = 2147483647;
			files = (
				651A9F252C9EC03C00B9B1FE /* omyu_pretty.ttf in Resources */,
				65FA64592C9EAACF001F5002 /* Assets.xcassets in Resources */,
				651A9F6B2C9EEB0E00B9B1FE /* GoogleService-Info.plist in Resources */,
			);
			runOnlyForDeploymentPostprocessing = 0;
		};
/* End PBXResourcesBuildPhase section */

/* Begin PBXShellScriptBuildPhase section */
		65CF61722C0AEED0003E6D75 /* ShellScript */ = {
			isa = PBXShellScriptBuildPhase;
			buildActionMask = 2147483647;
			files = (
			);
			inputFileListPaths = (
			);
			inputPaths = (
				"${DWARF_DSYM_FOLDER_PATH}/${DWARF_DSYM_FILE_NAME}",
				"${DWARF_DSYM_FOLDER_PATH}/${DWARF_DSYM_FILE_NAME}/Contents/Resources/DWARF/${PRODUCT_NAME}",
				"${DWARF_DSYM_FOLDER_PATH}/${DWARF_DSYM_FILE_NAME}/Contents/Info.plist",
				"$(TARGET_BUILD_DIR)/$(UNLOCALIZED_RESOURCES_FOLDER_PATH)/GoogleService-Info.plist",
				"$(TARGET_BUILD_DIR)/$(EXECUTABLE_PATH)",
			);
			outputFileListPaths = (
			);
			outputPaths = (
			);
			runOnlyForDeploymentPostprocessing = 0;
			shellPath = /bin/sh;
			shellScript = "\"${BUILD_DIR%/Build/*}/SourcePackages/checkouts/firebase-ios-sdk/Crashlytics/run\"\n";
		};
/* End PBXShellScriptBuildPhase section */

/* Begin PBXSourcesBuildPhase section */
		65CF61162C036432003E6D75 /* Sources */ = {
			isa = PBXSourcesBuildPhase;
			buildActionMask = 2147483647;
			files = (
				659946B02C4BECC00030598B /* LoadingIndicator.swift in Sources */,
				659946662C2FE79F0030598B /* User.swift in Sources */,
				6599467C2C3A6A3D0030598B /* DefaultProfileRepository.swift in Sources */,
				659946772C3A68E50030598B /* ProfileUseCase.swift in Sources */,
				65CF619E2C158B71003E6D75 /* BaseViewController.swift in Sources */,
				6599466A2C3024A60030598B /* UserRequest.swift in Sources */,
				659946712C38397F0030598B /* UserDefaultsWrapper.swift in Sources */,
				6508A21D2C6DD5AC005AB6DC /* KeyChainManager.swift in Sources */,
				659946942C43EB1B0030598B /* RecordEntity.swift in Sources */,
				65CF61812C0C5F44003E6D75 /* CalendarDIContainer.swift in Sources */,
				657DB9122C5BB845008DD96E /* ProfileCoordinator.swift in Sources */,
				6599468E2C4249DB0030598B /* DefaultCalendarRepository.swift in Sources */,
				657DB9102C5BB600008DD96E /* ProfileViewController.swift in Sources */,
				6508A2252C7CA200005AB6DC /* UITextView+.swift in Sources */,
				6508A21F2C6DD5DA005AB6DC /* KeyChainAccount.swift in Sources */,
				65CF619B2C11706A003E6D75 /* RecordCoordinator.swift in Sources */,
				65CF61C62C243EDD003E6D75 /* BaseView.swift in Sources */,
				659946792C3A69400030598B /* ProfileRepository.swift in Sources */,
				659946922C424C660030598B /* Date+.swift in Sources */,
				65CF61A02C158B77003E6D75 /* BaseViewModel.swift in Sources */,
				65CF61892C0C6092003E6D75 /* CalendarViewModel.swift in Sources */,
				659946802C3A8B1D0030598B /* DefaultRecordRepository.swift in Sources */,
				65CF611E2C036432003E6D75 /* AppDelegate.swift in Sources */,
				65CF617B2C0C5ED7003E6D75 /* Coordinator.swift in Sources */,
				659946B62C54E13B0030598B /* ImageCarouselView.swift in Sources */,
				659946882C4249690030598B /* CalendarRepository.swift in Sources */,
				65CF61C82C24425A003E6D75 /* EmotionalImagePopupView.swift in Sources */,
				65CF61992C117061003E6D75 /* RecordDIContainer.swift in Sources */,
				65CF61C22C1D6039003E6D75 /* RecordViewModel.swift in Sources */,
				659946632C2FE4BE0030598B /* UserResponseDTO.swift in Sources */,
				65CF61772C0B03EA003E6D75 /* Log.swift in Sources */,
				6508A2232C79D021005AB6DC /* SetDarkModeViewController.swift in Sources */,
				65CF61C42C243E78003E6D75 /* RecordFooterView.swift in Sources */,
				6522DE2C2C8D84EE00AB23A5 /* AppleSignInService.swift in Sources */,
				657DB90E2C5BB5EB008DD96E /* ProfileViewModel.swift in Sources */,
				6508A2212C79C91D005AB6DC /* FullscreenImageView.swift in Sources */,
				65CF61CA2C24454E003E6D75 /* AttachedImageCollectionView.swift in Sources */,
				6599467E2C3A8B060030598B /* RecordRepository.swift in Sources */,
				659946862C3AB9880030598B /* RecordResponseDTO.swift in Sources */,
				65CF61842C0C6053003E6D75 /* CalendarViewController.swift in Sources */,
				659946842C3AB97A0030598B /* RecordRequest.swift in Sources */,
				659946972C43F1980030598B /* Type.swift in Sources */,
				659946902C4249E30030598B /* CalendarUseCase.swift in Sources */,
				657DB9142C5BB871008DD96E /* ProfileDIContainer.swift in Sources */,
				659946B42C4FD4AB0030598B /* RecordHistoryViewController.swift in Sources */,
				659946822C3A8B410030598B /* RecordUseCase.swift in Sources */,
				65CF617D2C0C5EEC003E6D75 /* DIContainer.swift in Sources */,
				65CF61972C116E87003E6D75 /* RecordWriteViewController.swift in Sources */,
				659946B22C4D1AF10030598B /* BaseNavigationController.swift in Sources */,
				659946BB2C564FCF0030598B /* UIViewController+.swift in Sources */,
				659946732C3839860030598B /* UserDefaultsSetting.swift in Sources */,
				65CF617F2C0C5F20003E6D75 /* CalendarCoordinator.swift in Sources */,
				65CF61202C036432003E6D75 /* SceneDelegate.swift in Sources */,
				659946AC2C4BD8C70030598B /* UIImage+.swift in Sources */,
				6599466D2C3024F40030598B /* Encodable+.swift in Sources */,
			);
			runOnlyForDeploymentPostprocessing = 0;
		};
		65FA64492C9EAACD001F5002 /* Sources */ = {
			isa = PBXSourcesBuildPhase;
			buildActionMask = 2147483647;
			files = (
				65FA64552C9EAACD001F5002 /* WidgetBundle.swift in Sources */,
				65FA64572C9EAACD001F5002 /* Widget.swift in Sources */,
			);
			runOnlyForDeploymentPostprocessing = 0;
		};
/* End PBXSourcesBuildPhase section */

/* Begin PBXTargetDependency section */
		65FA645C2C9EAACF001F5002 /* PBXTargetDependency */ = {
			isa = PBXTargetDependency;
			target = 65FA644C2C9EAACD001F5002 /* WidgetExtension */;
			targetProxy = 65FA645B2C9EAACF001F5002 /* PBXContainerItemProxy */;
		};
/* End PBXTargetDependency section */

/* Begin PBXVariantGroup section */
		65CF61282C036433003E6D75 /* LaunchScreen.storyboard */ = {
			isa = PBXVariantGroup;
			children = (
				65CF61292C036433003E6D75 /* Base */,
			);
			name = LaunchScreen.storyboard;
			sourceTree = "<group>";
		};
/* End PBXVariantGroup section */

/* Begin XCBuildConfiguration section */
		65CF612C2C036433003E6D75 /* Debug */ = {
			isa = XCBuildConfiguration;
			buildSettings = {
				ALWAYS_SEARCH_USER_PATHS = NO;
				ASSETCATALOG_COMPILER_GENERATE_SWIFT_ASSET_SYMBOL_EXTENSIONS = YES;
				CLANG_ANALYZER_NONNULL = YES;
				CLANG_ANALYZER_NUMBER_OBJECT_CONVERSION = YES_AGGRESSIVE;
				CLANG_CXX_LANGUAGE_STANDARD = "gnu++20";
				CLANG_ENABLE_MODULES = YES;
				CLANG_ENABLE_OBJC_ARC = YES;
				CLANG_ENABLE_OBJC_WEAK = YES;
				CLANG_WARN_BLOCK_CAPTURE_AUTORELEASING = YES;
				CLANG_WARN_BOOL_CONVERSION = YES;
				CLANG_WARN_COMMA = YES;
				CLANG_WARN_CONSTANT_CONVERSION = YES;
				CLANG_WARN_DEPRECATED_OBJC_IMPLEMENTATIONS = YES;
				CLANG_WARN_DIRECT_OBJC_ISA_USAGE = YES_ERROR;
				CLANG_WARN_DOCUMENTATION_COMMENTS = YES;
				CLANG_WARN_EMPTY_BODY = YES;
				CLANG_WARN_ENUM_CONVERSION = YES;
				CLANG_WARN_INFINITE_RECURSION = YES;
				CLANG_WARN_INT_CONVERSION = YES;
				CLANG_WARN_NON_LITERAL_NULL_CONVERSION = YES;
				CLANG_WARN_OBJC_IMPLICIT_RETAIN_SELF = YES;
				CLANG_WARN_OBJC_LITERAL_CONVERSION = YES;
				CLANG_WARN_OBJC_ROOT_CLASS = YES_ERROR;
				CLANG_WARN_QUOTED_INCLUDE_IN_FRAMEWORK_HEADER = YES;
				CLANG_WARN_RANGE_LOOP_ANALYSIS = YES;
				CLANG_WARN_STRICT_PROTOTYPES = YES;
				CLANG_WARN_SUSPICIOUS_MOVE = YES;
				CLANG_WARN_UNGUARDED_AVAILABILITY = YES_AGGRESSIVE;
				CLANG_WARN_UNREACHABLE_CODE = YES;
				CLANG_WARN__DUPLICATE_METHOD_MATCH = YES;
				COPY_PHASE_STRIP = NO;
				DEBUG_INFORMATION_FORMAT = dwarf;
				ENABLE_STRICT_OBJC_MSGSEND = YES;
				ENABLE_TESTABILITY = YES;
				ENABLE_USER_SCRIPT_SANDBOXING = YES;
				GCC_C_LANGUAGE_STANDARD = gnu17;
				GCC_DYNAMIC_NO_PIC = NO;
				GCC_NO_COMMON_BLOCKS = YES;
				GCC_OPTIMIZATION_LEVEL = 0;
				GCC_PREPROCESSOR_DEFINITIONS = (
					"DEBUG=1",
					"$(inherited)",
				);
				GCC_WARN_64_TO_32_BIT_CONVERSION = YES;
				GCC_WARN_ABOUT_RETURN_TYPE = YES_ERROR;
				GCC_WARN_UNDECLARED_SELECTOR = YES;
				GCC_WARN_UNINITIALIZED_AUTOS = YES_AGGRESSIVE;
				GCC_WARN_UNUSED_FUNCTION = YES;
				GCC_WARN_UNUSED_VARIABLE = YES;
				IPHONEOS_DEPLOYMENT_TARGET = 16.0;
				LOCALIZATION_PREFERS_STRING_CATALOGS = YES;
				MTL_ENABLE_DEBUG_INFO = INCLUDE_SOURCE;
				MTL_FAST_MATH = YES;
				ONLY_ACTIVE_ARCH = YES;
				SDKROOT = iphoneos;
				SWIFT_ACTIVE_COMPILATION_CONDITIONS = "DEBUG $(inherited)";
				SWIFT_OPTIMIZATION_LEVEL = "-Onone";
			};
			name = Debug;
		};
		65CF612D2C036433003E6D75 /* Release */ = {
			isa = XCBuildConfiguration;
			buildSettings = {
				ALWAYS_SEARCH_USER_PATHS = NO;
				ASSETCATALOG_COMPILER_GENERATE_SWIFT_ASSET_SYMBOL_EXTENSIONS = YES;
				CLANG_ANALYZER_NONNULL = YES;
				CLANG_ANALYZER_NUMBER_OBJECT_CONVERSION = YES_AGGRESSIVE;
				CLANG_CXX_LANGUAGE_STANDARD = "gnu++20";
				CLANG_ENABLE_MODULES = YES;
				CLANG_ENABLE_OBJC_ARC = YES;
				CLANG_ENABLE_OBJC_WEAK = YES;
				CLANG_WARN_BLOCK_CAPTURE_AUTORELEASING = YES;
				CLANG_WARN_BOOL_CONVERSION = YES;
				CLANG_WARN_COMMA = YES;
				CLANG_WARN_CONSTANT_CONVERSION = YES;
				CLANG_WARN_DEPRECATED_OBJC_IMPLEMENTATIONS = YES;
				CLANG_WARN_DIRECT_OBJC_ISA_USAGE = YES_ERROR;
				CLANG_WARN_DOCUMENTATION_COMMENTS = YES;
				CLANG_WARN_EMPTY_BODY = YES;
				CLANG_WARN_ENUM_CONVERSION = YES;
				CLANG_WARN_INFINITE_RECURSION = YES;
				CLANG_WARN_INT_CONVERSION = YES;
				CLANG_WARN_NON_LITERAL_NULL_CONVERSION = YES;
				CLANG_WARN_OBJC_IMPLICIT_RETAIN_SELF = YES;
				CLANG_WARN_OBJC_LITERAL_CONVERSION = YES;
				CLANG_WARN_OBJC_ROOT_CLASS = YES_ERROR;
				CLANG_WARN_QUOTED_INCLUDE_IN_FRAMEWORK_HEADER = YES;
				CLANG_WARN_RANGE_LOOP_ANALYSIS = YES;
				CLANG_WARN_STRICT_PROTOTYPES = YES;
				CLANG_WARN_SUSPICIOUS_MOVE = YES;
				CLANG_WARN_UNGUARDED_AVAILABILITY = YES_AGGRESSIVE;
				CLANG_WARN_UNREACHABLE_CODE = YES;
				CLANG_WARN__DUPLICATE_METHOD_MATCH = YES;
				COPY_PHASE_STRIP = NO;
				DEBUG_INFORMATION_FORMAT = "dwarf-with-dsym";
				ENABLE_NS_ASSERTIONS = NO;
				ENABLE_STRICT_OBJC_MSGSEND = YES;
				ENABLE_USER_SCRIPT_SANDBOXING = YES;
				GCC_C_LANGUAGE_STANDARD = gnu17;
				GCC_NO_COMMON_BLOCKS = YES;
				GCC_WARN_64_TO_32_BIT_CONVERSION = YES;
				GCC_WARN_ABOUT_RETURN_TYPE = YES_ERROR;
				GCC_WARN_UNDECLARED_SELECTOR = YES;
				GCC_WARN_UNINITIALIZED_AUTOS = YES_AGGRESSIVE;
				GCC_WARN_UNUSED_FUNCTION = YES;
				GCC_WARN_UNUSED_VARIABLE = YES;
				IPHONEOS_DEPLOYMENT_TARGET = 16.0;
				LOCALIZATION_PREFERS_STRING_CATALOGS = YES;
				MTL_ENABLE_DEBUG_INFO = NO;
				MTL_FAST_MATH = YES;
				SDKROOT = iphoneos;
				SWIFT_COMPILATION_MODE = wholemodule;
				VALIDATE_PRODUCT = YES;
			};
			name = Release;
		};
		65CF612F2C036433003E6D75 /* Debug */ = {
			isa = XCBuildConfiguration;
			buildSettings = {
				ALWAYS_EMBED_SWIFT_STANDARD_LIBRARIES = YES;
				ASSETCATALOG_COMPILER_APPICON_NAME = AppIcon;
				ASSETCATALOG_COMPILER_GLOBAL_ACCENT_COLOR_NAME = AccentColor;
				CODE_SIGN_ENTITLEMENTS = DailyRecord/DailyRecord.entitlements;
				"CODE_SIGN_IDENTITY[sdk=iphoneos*]" = "iPhone Developer";
				CODE_SIGN_STYLE = Manual;
				CURRENT_PROJECT_VERSION = 40;
				DEBUG_INFORMATION_FORMAT = "dwarf-with-dsym";
				DEVELOPMENT_TEAM = "";
				"DEVELOPMENT_TEAM[sdk=iphoneos*]" = F92UQYH2RA;
				ENABLE_USER_SCRIPT_SANDBOXING = YES;
				GENERATE_INFOPLIST_FILE = YES;
				INFOPLIST_FILE = DailyRecord/Resource/Info.plist;
				INFOPLIST_KEY_CFBundleDisplayName = "다온";
				INFOPLIST_KEY_NSCameraUsageDescription = "카메라를 사용하기 위해 권한이 필요합니다.";
				INFOPLIST_KEY_NSPhotoLibraryAddUsageDescription = "사진을 첨부하기 위해 권한이 필요합니다.";
				INFOPLIST_KEY_UIApplicationSupportsIndirectInputEvents = YES;
				INFOPLIST_KEY_UILaunchStoryboardName = LaunchScreen;
				INFOPLIST_KEY_UISupportedInterfaceOrientations = UIInterfaceOrientationPortrait;
				INFOPLIST_KEY_UISupportedInterfaceOrientations_iPad = "UIInterfaceOrientationLandscapeLeft UIInterfaceOrientationLandscapeRight UIInterfaceOrientationPortrait UIInterfaceOrientationPortraitUpsideDown";
				IPHONEOS_DEPLOYMENT_TARGET = 16.0;
				LD_RUNPATH_SEARCH_PATHS = (
					"$(inherited)",
					"@executable_path/Frameworks",
				);
				MARKETING_VERSION = 1.1.0;
				PRODUCT_BUNDLE_IDENTIFIER = ungchun.DailyRecord;
				PRODUCT_NAME = "$(TARGET_NAME)";
				PROVISIONING_PROFILE_SPECIFIER = "";
				"PROVISIONING_PROFILE_SPECIFIER[sdk=iphoneos*]" = "match Development ungchun.DailyRecord";
				SUPPORTED_PLATFORMS = "iphoneos iphonesimulator";
				SUPPORTS_MACCATALYST = NO;
				SUPPORTS_MAC_DESIGNED_FOR_IPHONE_IPAD = NO;
				SUPPORTS_XR_DESIGNED_FOR_IPHONE_IPAD = NO;
				SWIFT_EMIT_LOC_STRINGS = YES;
				SWIFT_VERSION = 5.0;
				TARGETED_DEVICE_FAMILY = 1;
			};
			name = Debug;
		};
		65CF61302C036433003E6D75 /* Release */ = {
			isa = XCBuildConfiguration;
			buildSettings = {
				ALWAYS_EMBED_SWIFT_STANDARD_LIBRARIES = YES;
				ASSETCATALOG_COMPILER_APPICON_NAME = AppIcon;
				ASSETCATALOG_COMPILER_GLOBAL_ACCENT_COLOR_NAME = AccentColor;
				CODE_SIGN_ENTITLEMENTS = DailyRecord/DailyRecord.entitlements;
				"CODE_SIGN_IDENTITY[sdk=iphoneos*]" = "iPhone Distribution";
				CODE_SIGN_STYLE = Manual;
				CURRENT_PROJECT_VERSION = 40;
				DEVELOPMENT_TEAM = "";
				"DEVELOPMENT_TEAM[sdk=iphoneos*]" = F92UQYH2RA;
				ENABLE_USER_SCRIPT_SANDBOXING = YES;
				GENERATE_INFOPLIST_FILE = YES;
				INFOPLIST_FILE = DailyRecord/Resource/Info.plist;
				INFOPLIST_KEY_CFBundleDisplayName = "다온";
				INFOPLIST_KEY_NSCameraUsageDescription = "카메라를 사용하기 위해 권한이 필요합니다.";
				INFOPLIST_KEY_NSPhotoLibraryAddUsageDescription = "사진을 첨부하기 위해 권한이 필요합니다.";
				INFOPLIST_KEY_UIApplicationSupportsIndirectInputEvents = YES;
				INFOPLIST_KEY_UILaunchStoryboardName = LaunchScreen;
				INFOPLIST_KEY_UISupportedInterfaceOrientations = UIInterfaceOrientationPortrait;
				INFOPLIST_KEY_UISupportedInterfaceOrientations_iPad = "UIInterfaceOrientationLandscapeLeft UIInterfaceOrientationLandscapeRight UIInterfaceOrientationPortrait UIInterfaceOrientationPortraitUpsideDown";
				IPHONEOS_DEPLOYMENT_TARGET = 16.0;
				LD_RUNPATH_SEARCH_PATHS = (
					"$(inherited)",
					"@executable_path/Frameworks",
				);
				MARKETING_VERSION = 1.1.0;
				PRODUCT_BUNDLE_IDENTIFIER = ungchun.DailyRecord;
				PRODUCT_NAME = "$(TARGET_NAME)";
				PROVISIONING_PROFILE_SPECIFIER = "";
				"PROVISIONING_PROFILE_SPECIFIER[sdk=iphoneos*]" = "match AppStore ungchun.DailyRecord";
				SUPPORTED_PLATFORMS = "iphoneos iphonesimulator";
				SUPPORTS_MACCATALYST = NO;
				SUPPORTS_MAC_DESIGNED_FOR_IPHONE_IPAD = NO;
				SUPPORTS_XR_DESIGNED_FOR_IPHONE_IPAD = NO;
				SWIFT_EMIT_LOC_STRINGS = YES;
				SWIFT_VERSION = 5.0;
				TARGETED_DEVICE_FAMILY = 1;
			};
			name = Release;
		};
		65FA645F2C9EAACF001F5002 /* Debug */ = {
			isa = XCBuildConfiguration;
			buildSettings = {
				ASSETCATALOG_COMPILER_GLOBAL_ACCENT_COLOR_NAME = AccentColor;
				ASSETCATALOG_COMPILER_WIDGET_BACKGROUND_COLOR_NAME = WidgetBackground;
				CODE_SIGN_ENTITLEMENTS = WidgetExtension.entitlements;
				"CODE_SIGN_IDENTITY[sdk=iphoneos*]" = "iPhone Developer";
				CODE_SIGN_STYLE = Manual;
				CURRENT_PROJECT_VERSION = 40;
				DEVELOPMENT_TEAM = "";
				"DEVELOPMENT_TEAM[sdk=iphoneos*]" = F92UQYH2RA;
				GENERATE_INFOPLIST_FILE = YES;
				INFOPLIST_FILE = Widget/Info.plist;
				INFOPLIST_KEY_CFBundleDisplayName = Widget;
				INFOPLIST_KEY_NSHumanReadableCopyright = "";
				IPHONEOS_DEPLOYMENT_TARGET = 16.0;
				LD_RUNPATH_SEARCH_PATHS = (
					"$(inherited)",
					"@executable_path/Frameworks",
					"@executable_path/../../Frameworks",
				);
				MARKETING_VERSION = 1.0;
				PRODUCT_BUNDLE_IDENTIFIER = ungchun.DailyRecord.Widget;
				PRODUCT_NAME = "$(TARGET_NAME)";
				PROVISIONING_PROFILE_SPECIFIER = "";
				"PROVISIONING_PROFILE_SPECIFIER[sdk=iphoneos*]" = "match Development ungchun.DailyRecord.Widget";
				SKIP_INSTALL = YES;
				SUPPORTED_PLATFORMS = "iphoneos iphonesimulator";
				SUPPORTS_MACCATALYST = NO;
				SUPPORTS_MAC_DESIGNED_FOR_IPHONE_IPAD = NO;
				SUPPORTS_XR_DESIGNED_FOR_IPHONE_IPAD = NO;
				SWIFT_EMIT_LOC_STRINGS = YES;
				SWIFT_VERSION = 5.0;
				TARGETED_DEVICE_FAMILY = 1;
			};
			name = Debug;
		};
		65FA64602C9EAACF001F5002 /* Release */ = {
			isa = XCBuildConfiguration;
			buildSettings = {
				ASSETCATALOG_COMPILER_GLOBAL_ACCENT_COLOR_NAME = AccentColor;
				ASSETCATALOG_COMPILER_WIDGET_BACKGROUND_COLOR_NAME = WidgetBackground;
				CODE_SIGN_ENTITLEMENTS = WidgetExtension.entitlements;
				"CODE_SIGN_IDENTITY[sdk=iphoneos*]" = "iPhone Distribution";
				CODE_SIGN_STYLE = Manual;
				CURRENT_PROJECT_VERSION = 40;
				DEVELOPMENT_TEAM = "";
				"DEVELOPMENT_TEAM[sdk=iphoneos*]" = F92UQYH2RA;
				GENERATE_INFOPLIST_FILE = YES;
				INFOPLIST_FILE = Widget/Info.plist;
				INFOPLIST_KEY_CFBundleDisplayName = Widget;
				INFOPLIST_KEY_NSHumanReadableCopyright = "";
				IPHONEOS_DEPLOYMENT_TARGET = 16.0;
				LD_RUNPATH_SEARCH_PATHS = (
					"$(inherited)",
					"@executable_path/Frameworks",
					"@executable_path/../../Frameworks",
				);
				MARKETING_VERSION = 1.0;
				PRODUCT_BUNDLE_IDENTIFIER = ungchun.DailyRecord.Widget;
				PRODUCT_NAME = "$(TARGET_NAME)";
				PROVISIONING_PROFILE_SPECIFIER = "";
				"PROVISIONING_PROFILE_SPECIFIER[sdk=iphoneos*]" = "match AppStore ungchun.DailyRecord.Widget";
				SKIP_INSTALL = YES;
				SUPPORTED_PLATFORMS = "iphoneos iphonesimulator";
				SUPPORTS_MACCATALYST = NO;
				SUPPORTS_MAC_DESIGNED_FOR_IPHONE_IPAD = NO;
				SUPPORTS_XR_DESIGNED_FOR_IPHONE_IPAD = NO;
				SWIFT_EMIT_LOC_STRINGS = YES;
				SWIFT_VERSION = 5.0;
				TARGETED_DEVICE_FAMILY = 1;
			};
			name = Release;
		};
/* End XCBuildConfiguration section */

/* Begin XCConfigurationList section */
		65CF61152C036432003E6D75 /* Build configuration list for PBXProject "DailyRecord" */ = {
			isa = XCConfigurationList;
			buildConfigurations = (
				65CF612C2C036433003E6D75 /* Debug */,
				65CF612D2C036433003E6D75 /* Release */,
			);
			defaultConfigurationIsVisible = 0;
			defaultConfigurationName = Release;
		};
		65CF612E2C036433003E6D75 /* Build configuration list for PBXNativeTarget "DailyRecord" */ = {
			isa = XCConfigurationList;
			buildConfigurations = (
				65CF612F2C036433003E6D75 /* Debug */,
				65CF61302C036433003E6D75 /* Release */,
			);
			defaultConfigurationIsVisible = 0;
			defaultConfigurationName = Release;
		};
		65FA64612C9EAACF001F5002 /* Build configuration list for PBXNativeTarget "WidgetExtension" */ = {
			isa = XCConfigurationList;
			buildConfigurations = (
				65FA645F2C9EAACF001F5002 /* Debug */,
				65FA64602C9EAACF001F5002 /* Release */,
			);
			defaultConfigurationIsVisible = 0;
			defaultConfigurationName = Release;
		};
/* End XCConfigurationList section */

/* Begin XCRemoteSwiftPackageReference section */
		659946522C27DD8E0030598B /* XCRemoteSwiftPackageReference "SnapKit" */ = {
			isa = XCRemoteSwiftPackageReference;
			repositoryURL = "https://github.com/SnapKit/SnapKit";
			requirement = {
				kind = upToNextMajorVersion;
				minimumVersion = 5.7.1;
			};
		};
		65CF61392C0AEDB0003E6D75 /* XCRemoteSwiftPackageReference "firebase-ios-sdk" */ = {
			isa = XCRemoteSwiftPackageReference;
			repositoryURL = "https://github.com/firebase/firebase-ios-sdk";
			requirement = {
				kind = upToNextMajorVersion;
				minimumVersion = 10.27.0;
			};
		};
		65CF618A2C108CBD003E6D75 /* XCRemoteSwiftPackageReference "FSCalendar" */ = {
			isa = XCRemoteSwiftPackageReference;
			repositoryURL = "https://github.com/WenchaoD/FSCalendar";
			requirement = {
				kind = upToNextMajorVersion;
				minimumVersion = 2.8.4;
			};
		};
/* End XCRemoteSwiftPackageReference section */

/* Begin XCSwiftPackageProductDependency section */
		651A9F672C9EE96800B9B1FE /* FirebaseAuth */ = {
			isa = XCSwiftPackageProductDependency;
			package = 65CF61392C0AEDB0003E6D75 /* XCRemoteSwiftPackageReference "firebase-ios-sdk" */;
			productName = FirebaseAuth;
		};
		651A9F692C9EE96800B9B1FE /* FirebaseFirestore */ = {
			isa = XCSwiftPackageProductDependency;
			package = 65CF61392C0AEDB0003E6D75 /* XCRemoteSwiftPackageReference "firebase-ios-sdk" */;
			productName = FirebaseFirestore;
		};
		659946532C27DD8E0030598B /* SnapKit */ = {
			isa = XCSwiftPackageProductDependency;
			package = 659946522C27DD8E0030598B /* XCRemoteSwiftPackageReference "SnapKit" */;
			productName = SnapKit;
		};
		65CF613A2C0AEDB0003E6D75 /* FirebaseAnalytics */ = {
			isa = XCSwiftPackageProductDependency;
			package = 65CF61392C0AEDB0003E6D75 /* XCRemoteSwiftPackageReference "firebase-ios-sdk" */;
			productName = FirebaseAnalytics;
		};
		65CF613C2C0AEDB0003E6D75 /* FirebaseAnalyticsOnDeviceConversion */ = {
			isa = XCSwiftPackageProductDependency;
			package = 65CF61392C0AEDB0003E6D75 /* XCRemoteSwiftPackageReference "firebase-ios-sdk" */;
			productName = FirebaseAnalyticsOnDeviceConversion;
		};
		65CF613E2C0AEDB0003E6D75 /* FirebaseAnalyticsSwift */ = {
			isa = XCSwiftPackageProductDependency;
			package = 65CF61392C0AEDB0003E6D75 /* XCRemoteSwiftPackageReference "firebase-ios-sdk" */;
			productName = FirebaseAnalyticsSwift;
		};
		65CF61402C0AEDB0003E6D75 /* FirebaseAnalyticsWithoutAdIdSupport */ = {
			isa = XCSwiftPackageProductDependency;
			package = 65CF61392C0AEDB0003E6D75 /* XCRemoteSwiftPackageReference "firebase-ios-sdk" */;
			productName = FirebaseAnalyticsWithoutAdIdSupport;
		};
		65CF61422C0AEDB0003E6D75 /* FirebaseAppCheck */ = {
			isa = XCSwiftPackageProductDependency;
			package = 65CF61392C0AEDB0003E6D75 /* XCRemoteSwiftPackageReference "firebase-ios-sdk" */;
			productName = FirebaseAppCheck;
		};
		65CF61442C0AEDB0003E6D75 /* FirebaseAppDistribution-Beta */ = {
			isa = XCSwiftPackageProductDependency;
			package = 65CF61392C0AEDB0003E6D75 /* XCRemoteSwiftPackageReference "firebase-ios-sdk" */;
			productName = "FirebaseAppDistribution-Beta";
		};
		65CF61462C0AEDB0003E6D75 /* FirebaseAuth */ = {
			isa = XCSwiftPackageProductDependency;
			package = 65CF61392C0AEDB0003E6D75 /* XCRemoteSwiftPackageReference "firebase-ios-sdk" */;
			productName = FirebaseAuth;
		};
		65CF61482C0AEDB0003E6D75 /* FirebaseAuthCombine-Community */ = {
			isa = XCSwiftPackageProductDependency;
			package = 65CF61392C0AEDB0003E6D75 /* XCRemoteSwiftPackageReference "firebase-ios-sdk" */;
			productName = "FirebaseAuthCombine-Community";
		};
		65CF614A2C0AEDB0003E6D75 /* FirebaseCrashlytics */ = {
			isa = XCSwiftPackageProductDependency;
			package = 65CF61392C0AEDB0003E6D75 /* XCRemoteSwiftPackageReference "firebase-ios-sdk" */;
			productName = FirebaseCrashlytics;
		};
		65CF614C2C0AEDB0003E6D75 /* FirebaseDatabase */ = {
			isa = XCSwiftPackageProductDependency;
			package = 65CF61392C0AEDB0003E6D75 /* XCRemoteSwiftPackageReference "firebase-ios-sdk" */;
			productName = FirebaseDatabase;
		};
		65CF614E2C0AEDB0003E6D75 /* FirebaseDatabaseSwift */ = {
			isa = XCSwiftPackageProductDependency;
			package = 65CF61392C0AEDB0003E6D75 /* XCRemoteSwiftPackageReference "firebase-ios-sdk" */;
			productName = FirebaseDatabaseSwift;
		};
		65CF61502C0AEDB0003E6D75 /* FirebaseDynamicLinks */ = {
			isa = XCSwiftPackageProductDependency;
			package = 65CF61392C0AEDB0003E6D75 /* XCRemoteSwiftPackageReference "firebase-ios-sdk" */;
			productName = FirebaseDynamicLinks;
		};
		65CF61522C0AEDB0003E6D75 /* FirebaseFirestore */ = {
			isa = XCSwiftPackageProductDependency;
			package = 65CF61392C0AEDB0003E6D75 /* XCRemoteSwiftPackageReference "firebase-ios-sdk" */;
			productName = FirebaseFirestore;
		};
		65CF61542C0AEDB0003E6D75 /* FirebaseFirestoreCombine-Community */ = {
			isa = XCSwiftPackageProductDependency;
			package = 65CF61392C0AEDB0003E6D75 /* XCRemoteSwiftPackageReference "firebase-ios-sdk" */;
			productName = "FirebaseFirestoreCombine-Community";
		};
		65CF61562C0AEDB0003E6D75 /* FirebaseFirestoreSwift */ = {
			isa = XCSwiftPackageProductDependency;
			package = 65CF61392C0AEDB0003E6D75 /* XCRemoteSwiftPackageReference "firebase-ios-sdk" */;
			productName = FirebaseFirestoreSwift;
		};
		65CF61582C0AEDB0003E6D75 /* FirebaseFunctions */ = {
			isa = XCSwiftPackageProductDependency;
			package = 65CF61392C0AEDB0003E6D75 /* XCRemoteSwiftPackageReference "firebase-ios-sdk" */;
			productName = FirebaseFunctions;
		};
		65CF615A2C0AEDB0003E6D75 /* FirebaseFunctionsCombine-Community */ = {
			isa = XCSwiftPackageProductDependency;
			package = 65CF61392C0AEDB0003E6D75 /* XCRemoteSwiftPackageReference "firebase-ios-sdk" */;
			productName = "FirebaseFunctionsCombine-Community";
		};
		65CF615C2C0AEDB0003E6D75 /* FirebaseInAppMessaging-Beta */ = {
			isa = XCSwiftPackageProductDependency;
			package = 65CF61392C0AEDB0003E6D75 /* XCRemoteSwiftPackageReference "firebase-ios-sdk" */;
			productName = "FirebaseInAppMessaging-Beta";
		};
		65CF615E2C0AEDB0003E6D75 /* FirebaseInAppMessagingSwift-Beta */ = {
			isa = XCSwiftPackageProductDependency;
			package = 65CF61392C0AEDB0003E6D75 /* XCRemoteSwiftPackageReference "firebase-ios-sdk" */;
			productName = "FirebaseInAppMessagingSwift-Beta";
		};
		65CF61602C0AEDB0003E6D75 /* FirebaseInstallations */ = {
			isa = XCSwiftPackageProductDependency;
			package = 65CF61392C0AEDB0003E6D75 /* XCRemoteSwiftPackageReference "firebase-ios-sdk" */;
			productName = FirebaseInstallations;
		};
		65CF61622C0AEDB0003E6D75 /* FirebaseMLModelDownloader */ = {
			isa = XCSwiftPackageProductDependency;
			package = 65CF61392C0AEDB0003E6D75 /* XCRemoteSwiftPackageReference "firebase-ios-sdk" */;
			productName = FirebaseMLModelDownloader;
		};
		65CF61642C0AEDB0003E6D75 /* FirebaseMessaging */ = {
			isa = XCSwiftPackageProductDependency;
			package = 65CF61392C0AEDB0003E6D75 /* XCRemoteSwiftPackageReference "firebase-ios-sdk" */;
			productName = FirebaseMessaging;
		};
		65CF61662C0AEDB0003E6D75 /* FirebasePerformance */ = {
			isa = XCSwiftPackageProductDependency;
			package = 65CF61392C0AEDB0003E6D75 /* XCRemoteSwiftPackageReference "firebase-ios-sdk" */;
			productName = FirebasePerformance;
		};
		65CF61682C0AEDB0003E6D75 /* FirebaseRemoteConfig */ = {
			isa = XCSwiftPackageProductDependency;
			package = 65CF61392C0AEDB0003E6D75 /* XCRemoteSwiftPackageReference "firebase-ios-sdk" */;
			productName = FirebaseRemoteConfig;
		};
		65CF616A2C0AEDB0003E6D75 /* FirebaseRemoteConfigSwift */ = {
			isa = XCSwiftPackageProductDependency;
			package = 65CF61392C0AEDB0003E6D75 /* XCRemoteSwiftPackageReference "firebase-ios-sdk" */;
			productName = FirebaseRemoteConfigSwift;
		};
		65CF616C2C0AEDB0003E6D75 /* FirebaseStorage */ = {
			isa = XCSwiftPackageProductDependency;
			package = 65CF61392C0AEDB0003E6D75 /* XCRemoteSwiftPackageReference "firebase-ios-sdk" */;
			productName = FirebaseStorage;
		};
		65CF616E2C0AEDB0003E6D75 /* FirebaseStorageCombine-Community */ = {
			isa = XCSwiftPackageProductDependency;
			package = 65CF61392C0AEDB0003E6D75 /* XCRemoteSwiftPackageReference "firebase-ios-sdk" */;
			productName = "FirebaseStorageCombine-Community";
		};
		65CF61702C0AEDB0003E6D75 /* FirebaseVertexAI-Preview */ = {
			isa = XCSwiftPackageProductDependency;
			package = 65CF61392C0AEDB0003E6D75 /* XCRemoteSwiftPackageReference "firebase-ios-sdk" */;
			productName = "FirebaseVertexAI-Preview";
		};
		65CF618B2C108CBD003E6D75 /* FSCalendar */ = {
			isa = XCSwiftPackageProductDependency;
			package = 65CF618A2C108CBD003E6D75 /* XCRemoteSwiftPackageReference "FSCalendar" */;
			productName = FSCalendar;
		};
/* End XCSwiftPackageProductDependency section */
	};
	rootObject = 65CF61122C036432003E6D75 /* Project object */;
}
